
Microsoft Visual Studio Solution File, Format Version 12.00
# Visual Studio 14
VisualStudioVersion = 14.0.25123.0
MinimumVisualStudioVersion = 10.0.40219.1
Project("{F2A71F9B-5D33-465A-A702-920D77279786}") = "Sainte-Lague-FSharp", "Sainte-Lague-FSharp\Sainte-Lague-FSharp.fsproj", "{F7DE221D-BF7E-417D-B81D-61BEE0BA07B9}"
EndProject
Project("{FAE04EC0-301F-11D3-BF4B-00C04F79EFBC}") = "TestConsoleApp", "TestConsoleApp\TestConsoleApp.csproj", "{902222C9-D119-42AD-B125-E3627C4D3286}"
EndProject
Global
	GlobalSection(SolutionConfigurationPlatforms) = preSolution
		Debug|Any CPU = Debug|Any CPU
		Release|Any CPU = Release|Any CPU
	EndGlobalSection
	GlobalSection(ProjectConfigurationPlatforms) = postSolution
		{F7DE221D-BF7E-417D-B81D-61BEE0BA07B9}.Debug|Any CPU.ActiveCfg = Debug|Any CPU
		{F7DE221D-BF7E-417D-B81D-61BEE0BA07B9}.Debug|Any CPU.Build.0 = Debug|Any CPU
		{F7DE221D-BF7E-417D-B81D-61BEE0BA07B9}.Release|Any CPU.ActiveCfg = Release|Any CPU
		{F7DE221D-BF7E-417D-B81D-61BEE0BA07B9}.Release|Any CPU.Build.0 = Release|Any CPU
		{902222C9-D119-42AD-B125-E3627C4D3286}.Debug|Any CPU.ActiveCfg = Debug|Any CPU
		{902222C9-D119-42AD-B125-E3627C4D3286}.Debug|Any CPU.Build.0 = Debug|Any CPU
		{902222C9-D119-42AD-B125-E3627C4D3286}.Release|Any CPU.ActiveCfg = Release|Any CPU
		{902222C9-D119-42AD-B125-E3627C4D3286}.Release|Any CPU.Build.0 = Release|Any CPU
	EndGlobalSection
	GlobalSection(SolutionProperties) = preSolution
		HideSolutionNode = FALSE
	EndGlobalSection
EndGlobal
